
Microsoft Visual Studio Solution File, Format Version 12.00
# Visual Studio 2013
VisualStudioVersion = 12.0.30324.0
MinimumVisualStudioVersion = 10.0.40219.1
Project("{FAE04EC0-301F-11D3-BF4B-00C04F79EFBC}") = "tsqlc", "tsqlc\tsqlc.csproj", "{C87ECE25-B8B0-440E-915C-04A294BDACF5}"
EndProject
Project("{FAE04EC0-301F-11D3-BF4B-00C04F79EFBC}") = "tsqlc.Tests", "tsqlc.Tests\tsqlc.Tests.csproj", "{B355F590-A318-4D1D-85D9-5017A5E0247B}"
EndProject
Project("{FAE04EC0-301F-11D3-BF4B-00C04F79EFBC}") = "Sample.Search", "..\samples\Sample.Search\Sample.Search.csproj", "{8330C447-496A-49F5-B9A7-5DB17AA1FC60}"
EndProject
Project("{2150E333-8FDC-42A3-9474-1A3956D46DE8}") = "Samples", "Samples", "{3CE09111-08D6-43FE-9F9E-54270385C96B}"
EndProject
Project("{FAE04EC0-301F-11D3-BF4B-00C04F79EFBC}") = "Sample.Hashing", "..\samples\Sample.Hashing\Sample.Hashing.csproj", "{9ECA10F7-BE6B-41BF-A563-F70AA62DDFAF}"
EndProject
Project("{FAE04EC0-301F-11D3-BF4B-00C04F79EFBC}") = "Sample.CodeAnalysis", "..\samples\Sample.CodeAnalysis\Sample.CodeAnalysis.csproj", "{9A5753A3-363A-48E2-9C91-A826D65FAB5B}"
EndProject
Project("{FAE04EC0-301F-11D3-BF4B-00C04F79EFBC}") = "Sample.Refactor", "..\samples\Sample.Refactor\Sample.Refactor.csproj", "{365BA832-EC3C-489C-AB1E-68E29F480E5E}"
EndProject
Project("{FAE04EC0-301F-11D3-BF4B-00C04F79EFBC}") = "Sample.ASTSerialize", "..\samples\Sample.ASTSerialize\Sample.ASTSerialize.csproj", "{01527EF6-4895-46FD-961A-CD873387CFE3}"
EndProject
Global
	GlobalSection(SolutionConfigurationPlatforms) = preSolution
		Debug|Any CPU = Debug|Any CPU
		Release|Any CPU = Release|Any CPU
	EndGlobalSection
	GlobalSection(ProjectConfigurationPlatforms) = postSolution
		{C87ECE25-B8B0-440E-915C-04A294BDACF5}.Debug|Any CPU.ActiveCfg = Debug|Any CPU
		{C87ECE25-B8B0-440E-915C-04A294BDACF5}.Debug|Any CPU.Build.0 = Debug|Any CPU
		{C87ECE25-B8B0-440E-915C-04A294BDACF5}.Release|Any CPU.ActiveCfg = Release|Any CPU
		{C87ECE25-B8B0-440E-915C-04A294BDACF5}.Release|Any CPU.Build.0 = Release|Any CPU
		{B355F590-A318-4D1D-85D9-5017A5E0247B}.Debug|Any CPU.ActiveCfg = Debug|Any CPU
		{B355F590-A318-4D1D-85D9-5017A5E0247B}.Debug|Any CPU.Build.0 = Debug|Any CPU
		{B355F590-A318-4D1D-85D9-5017A5E0247B}.Release|Any CPU.ActiveCfg = Release|Any CPU
		{B355F590-A318-4D1D-85D9-5017A5E0247B}.Release|Any CPU.Build.0 = Release|Any CPU
		{8330C447-496A-49F5-B9A7-5DB17AA1FC60}.Debug|Any CPU.ActiveCfg = Debug|Any CPU
		{8330C447-496A-49F5-B9A7-5DB17AA1FC60}.Debug|Any CPU.Build.0 = Debug|Any CPU
		{8330C447-496A-49F5-B9A7-5DB17AA1FC60}.Release|Any CPU.ActiveCfg = Release|Any CPU
		{8330C447-496A-49F5-B9A7-5DB17AA1FC60}.Release|Any CPU.Build.0 = Release|Any CPU
		{9ECA10F7-BE6B-41BF-A563-F70AA62DDFAF}.Debug|Any CPU.ActiveCfg = Debug|Any CPU
		{9ECA10F7-BE6B-41BF-A563-F70AA62DDFAF}.Debug|Any CPU.Build.0 = Debug|Any CPU
		{9ECA10F7-BE6B-41BF-A563-F70AA62DDFAF}.Release|Any CPU.ActiveCfg = Release|Any CPU
		{9ECA10F7-BE6B-41BF-A563-F70AA62DDFAF}.Release|Any CPU.Build.0 = Release|Any CPU
		{9A5753A3-363A-48E2-9C91-A826D65FAB5B}.Debug|Any CPU.ActiveCfg = Debug|Any CPU
		{9A5753A3-363A-48E2-9C91-A826D65FAB5B}.Debug|Any CPU.Build.0 = Debug|Any CPU
		{9A5753A3-363A-48E2-9C91-A826D65FAB5B}.Release|Any CPU.ActiveCfg = Release|Any CPU
		{9A5753A3-363A-48E2-9C91-A826D65FAB5B}.Release|Any CPU.Build.0 = Release|Any CPU
		{365BA832-EC3C-489C-AB1E-68E29F480E5E}.Debug|Any CPU.ActiveCfg = Debug|Any CPU
		{365BA832-EC3C-489C-AB1E-68E29F480E5E}.Debug|Any CPU.Build.0 = Debug|Any CPU
		{365BA832-EC3C-489C-AB1E-68E29F480E5E}.Release|Any CPU.ActiveCfg = Release|Any CPU
		{365BA832-EC3C-489C-AB1E-68E29F480E5E}.Release|Any CPU.Build.0 = Release|Any CPU
		{01527EF6-4895-46FD-961A-CD873387CFE3}.Debug|Any CPU.ActiveCfg = Debug|Any CPU
		{01527EF6-4895-46FD-961A-CD873387CFE3}.Debug|Any CPU.Build.0 = Debug|Any CPU
		{01527EF6-4895-46FD-961A-CD873387CFE3}.Release|Any CPU.ActiveCfg = Release|Any CPU
		{01527EF6-4895-46FD-961A-CD873387CFE3}.Release|Any CPU.Build.0 = Release|Any CPU
	EndGlobalSection
	GlobalSection(SolutionProperties) = preSolution
		HideSolutionNode = FALSE
	EndGlobalSection
	GlobalSection(NestedProjects) = preSolution
		{8330C447-496A-49F5-B9A7-5DB17AA1FC60} = {3CE09111-08D6-43FE-9F9E-54270385C96B}
		{9ECA10F7-BE6B-41BF-A563-F70AA62DDFAF} = {3CE09111-08D6-43FE-9F9E-54270385C96B}
		{9A5753A3-363A-48E2-9C91-A826D65FAB5B} = {3CE09111-08D6-43FE-9F9E-54270385C96B}
		{365BA832-EC3C-489C-AB1E-68E29F480E5E} = {3CE09111-08D6-43FE-9F9E-54270385C96B}
		{01527EF6-4895-46FD-961A-CD873387CFE3} = {3CE09111-08D6-43FE-9F9E-54270385C96B}
	EndGlobalSection
EndGlobal
